
Microsoft Visual Studio Solution File, Format Version 12.00
# Visual Studio 15
VisualStudioVersion = 15.0.27130.2036
MinimumVisualStudioVersion = 10.0.40219.1
Project("{FAE04EC0-301F-11D3-BF4B-00C04F79EFBC}") = "LocationInterface", "LocationInterface\LocationInterface.csproj", "{0FF223D7-9D24-4C32-A3AF-D02685DC697F}"
EndProject
Project("{FAE04EC0-301F-11D3-BF4B-00C04F79EFBC}") = "DatabaseManagerLibrary", "..\DatabaseManager\DatabaseManagerLibrary.csproj", "{39EFFD9A-84D2-4AD0-9842-60E5EE7FF419}"
EndProject
Project("{FAE04EC0-301F-11D3-BF4B-00C04F79EFBC}") = "VendorAnalysis", "VendorAnalysis\VendorAnalysis.csproj", "{042BA425-A119-4AA3-9AD3-686D82BD47B3}"
EndProject
Project("{FAE04EC0-301F-11D3-BF4B-00C04F79EFBC}") = "AnalysisSDK", "AnalysisSDK\AnalysisSDK.csproj", "{95DD085E-556F-42E0-8F6D-421E06EB16EA}"
EndProject
Project("{FAE04EC0-301F-11D3-BF4B-00C04F79EFBC}") = "BasicAnalysis", "BasicAnalysis\BasicAnalysis.csproj", "{81E39CF5-88D6-4C9A-9818-F157F87DBF7F}"
EndProject
Project("{2150E333-8FDC-42A3-9474-1A3956D46DE8}") = "AnalysisPlugins", "AnalysisPlugins", "{244E15DD-1731-4E6D-8922-A9D3574D01F0}"
EndProject
Project("{FAE04EC0-301F-11D3-BF4B-00C04F79EFBC}") = "MacInLocation", "MacInLocation\MacInLocation.csproj", "{CC481CAB-EAE3-433C-A3D5-D1DE456CCFFC}"
EndProject
Project("{FAE04EC0-301F-11D3-BF4B-00C04F79EFBC}") = "TestPlugin", "TestPlugin\TestPlugin.csproj", "{3DD0ABD6-B104-4D8E-9864-771817F19EB4}"
EndProject
Project("{FAE04EC0-301F-11D3-BF4B-00C04F79EFBC}") = "MapTestPlugin", "MapTestPlugin\MapTestPlugin.csproj", "{79CCB6FF-C338-42EE-B351-92B40288131F}"
EndProject
Project("{D954291E-2A0B-460D-934E-DC6B0785DB48}") = "SharpMath2", "..\SharpMath2\SharpMath2.shproj", "{53290E9B-7A54-4098-AB3D-E936D93BDF97}"
EndProject
Project("{9A19103F-16F7-4668-BE54-9A1E7A4F7556}") = "DatabaseTest", "DatabaseTest\DatabaseTest.csproj", "{85FB13FF-C98B-418E-8C3F-F6932FD92445}"
EndProject
Project("{FAE04EC0-301F-11D3-BF4B-00C04F79EFBC}") = "Heatmap", "Heatmap\Heatmap.csproj", "{9778E9E3-3480-4283-BE5A-CC423CD17F0C}"
EndProject
Global
	GlobalSection(SharedMSBuildProjectFiles) = preSolution
		..\SharpMath2\SharpMath2.projitems*{0ff223d7-9d24-4c32-a3af-d02685dc697f}*SharedItemsImports = 4
		..\SharpMath2\SharpMath2.projitems*{53290e9b-7a54-4098-ab3d-e936d93bdf97}*SharedItemsImports = 13
	EndGlobalSection
	GlobalSection(SolutionConfigurationPlatforms) = preSolution
		Debug|Any CPU = Debug|Any CPU
		Debug|x64 = Debug|x64
		Debug|x86 = Debug|x86
		Release|Any CPU = Release|Any CPU
		Release|x64 = Release|x64
		Release|x86 = Release|x86
	EndGlobalSection
	GlobalSection(ProjectConfigurationPlatforms) = postSolution
		{0FF223D7-9D24-4C32-A3AF-D02685DC697F}.Debug|Any CPU.ActiveCfg = Debug|Any CPU
		{0FF223D7-9D24-4C32-A3AF-D02685DC697F}.Debug|Any CPU.Build.0 = Debug|Any CPU
		{0FF223D7-9D24-4C32-A3AF-D02685DC697F}.Debug|x64.ActiveCfg = Debug|x64
		{0FF223D7-9D24-4C32-A3AF-D02685DC697F}.Debug|x64.Build.0 = Debug|x64
		{0FF223D7-9D24-4C32-A3AF-D02685DC697F}.Debug|x86.ActiveCfg = Debug|x86
		{0FF223D7-9D24-4C32-A3AF-D02685DC697F}.Debug|x86.Build.0 = Debug|x86
		{0FF223D7-9D24-4C32-A3AF-D02685DC697F}.Release|Any CPU.ActiveCfg = Release|Any CPU
		{0FF223D7-9D24-4C32-A3AF-D02685DC697F}.Release|Any CPU.Build.0 = Release|Any CPU
		{0FF223D7-9D24-4C32-A3AF-D02685DC697F}.Release|x64.ActiveCfg = Release|x64
		{0FF223D7-9D24-4C32-A3AF-D02685DC697F}.Release|x64.Build.0 = Release|x64
		{0FF223D7-9D24-4C32-A3AF-D02685DC697F}.Release|x86.ActiveCfg = Release|x86
		{0FF223D7-9D24-4C32-A3AF-D02685DC697F}.Release|x86.Build.0 = Release|x86
		{39EFFD9A-84D2-4AD0-9842-60E5EE7FF419}.Debug|Any CPU.ActiveCfg = Debug|Any CPU
		{39EFFD9A-84D2-4AD0-9842-60E5EE7FF419}.Debug|Any CPU.Build.0 = Debug|Any CPU
		{39EFFD9A-84D2-4AD0-9842-60E5EE7FF419}.Debug|x64.ActiveCfg = Debug|x64
		{39EFFD9A-84D2-4AD0-9842-60E5EE7FF419}.Debug|x64.Build.0 = Debug|x64
		{39EFFD9A-84D2-4AD0-9842-60E5EE7FF419}.Debug|x86.ActiveCfg = Debug|x86
		{39EFFD9A-84D2-4AD0-9842-60E5EE7FF419}.Debug|x86.Build.0 = Debug|x86
		{39EFFD9A-84D2-4AD0-9842-60E5EE7FF419}.Release|Any CPU.ActiveCfg = Release|Any CPU
		{39EFFD9A-84D2-4AD0-9842-60E5EE7FF419}.Release|Any CPU.Build.0 = Release|Any CPU
		{39EFFD9A-84D2-4AD0-9842-60E5EE7FF419}.Release|x64.ActiveCfg = Release|x64
		{39EFFD9A-84D2-4AD0-9842-60E5EE7FF419}.Release|x64.Build.0 = Release|x64
		{39EFFD9A-84D2-4AD0-9842-60E5EE7FF419}.Release|x86.ActiveCfg = Release|x86
		{39EFFD9A-84D2-4AD0-9842-60E5EE7FF419}.Release|x86.Build.0 = Release|x86
		{042BA425-A119-4AA3-9AD3-686D82BD47B3}.Debug|Any CPU.ActiveCfg = Debug|Any CPU
		{042BA425-A119-4AA3-9AD3-686D82BD47B3}.Debug|Any CPU.Build.0 = Debug|Any CPU
		{042BA425-A119-4AA3-9AD3-686D82BD47B3}.Debug|x64.ActiveCfg = Debug|Any CPU
		{042BA425-A119-4AA3-9AD3-686D82BD47B3}.Debug|x64.Build.0 = Debug|Any CPU
		{042BA425-A119-4AA3-9AD3-686D82BD47B3}.Debug|x86.ActiveCfg = Debug|Any CPU
		{042BA425-A119-4AA3-9AD3-686D82BD47B3}.Debug|x86.Build.0 = Debug|Any CPU
		{042BA425-A119-4AA3-9AD3-686D82BD47B3}.Release|Any CPU.ActiveCfg = Release|Any CPU
		{042BA425-A119-4AA3-9AD3-686D82BD47B3}.Release|Any CPU.Build.0 = Release|Any CPU
		{042BA425-A119-4AA3-9AD3-686D82BD47B3}.Release|x64.ActiveCfg = Release|Any CPU
		{042BA425-A119-4AA3-9AD3-686D82BD47B3}.Release|x64.Build.0 = Release|Any CPU
		{042BA425-A119-4AA3-9AD3-686D82BD47B3}.Release|x86.ActiveCfg = Release|Any CPU
		{042BA425-A119-4AA3-9AD3-686D82BD47B3}.Release|x86.Build.0 = Release|Any CPU
		{95DD085E-556F-42E0-8F6D-421E06EB16EA}.Debug|Any CPU.ActiveCfg = Debug|Any CPU
		{95DD085E-556F-42E0-8F6D-421E06EB16EA}.Debug|Any CPU.Build.0 = Debug|Any CPU
		{95DD085E-556F-42E0-8F6D-421E06EB16EA}.Debug|x64.ActiveCfg = Debug|Any CPU
		{95DD085E-556F-42E0-8F6D-421E06EB16EA}.Debug|x64.Build.0 = Debug|Any CPU
		{95DD085E-556F-42E0-8F6D-421E06EB16EA}.Debug|x86.ActiveCfg = Debug|Any CPU
		{95DD085E-556F-42E0-8F6D-421E06EB16EA}.Debug|x86.Build.0 = Debug|Any CPU
		{95DD085E-556F-42E0-8F6D-421E06EB16EA}.Release|Any CPU.ActiveCfg = Release|Any CPU
		{95DD085E-556F-42E0-8F6D-421E06EB16EA}.Release|Any CPU.Build.0 = Release|Any CPU
		{95DD085E-556F-42E0-8F6D-421E06EB16EA}.Release|x64.ActiveCfg = Release|Any CPU
		{95DD085E-556F-42E0-8F6D-421E06EB16EA}.Release|x64.Build.0 = Release|Any CPU
		{95DD085E-556F-42E0-8F6D-421E06EB16EA}.Release|x86.ActiveCfg = Release|Any CPU
		{95DD085E-556F-42E0-8F6D-421E06EB16EA}.Release|x86.Build.0 = Release|Any CPU
		{81E39CF5-88D6-4C9A-9818-F157F87DBF7F}.Debug|Any CPU.ActiveCfg = Debug|Any CPU
		{81E39CF5-88D6-4C9A-9818-F157F87DBF7F}.Debug|Any CPU.Build.0 = Debug|Any CPU
		{81E39CF5-88D6-4C9A-9818-F157F87DBF7F}.Debug|x64.ActiveCfg = Debug|Any CPU
		{81E39CF5-88D6-4C9A-9818-F157F87DBF7F}.Debug|x64.Build.0 = Debug|Any CPU
		{81E39CF5-88D6-4C9A-9818-F157F87DBF7F}.Debug|x86.ActiveCfg = Debug|Any CPU
		{81E39CF5-88D6-4C9A-9818-F157F87DBF7F}.Debug|x86.Build.0 = Debug|Any CPU
		{81E39CF5-88D6-4C9A-9818-F157F87DBF7F}.Release|Any CPU.ActiveCfg = Release|Any CPU
		{81E39CF5-88D6-4C9A-9818-F157F87DBF7F}.Release|Any CPU.Build.0 = Release|Any CPU
		{81E39CF5-88D6-4C9A-9818-F157F87DBF7F}.Release|x64.ActiveCfg = Release|Any CPU
		{81E39CF5-88D6-4C9A-9818-F157F87DBF7F}.Release|x64.Build.0 = Release|Any CPU
		{81E39CF5-88D6-4C9A-9818-F157F87DBF7F}.Release|x86.ActiveCfg = Release|Any CPU
		{81E39CF5-88D6-4C9A-9818-F157F87DBF7F}.Release|x86.Build.0 = Release|Any CPU
		{CC481CAB-EAE3-433C-A3D5-D1DE456CCFFC}.Debug|Any CPU.ActiveCfg = Debug|Any CPU
		{CC481CAB-EAE3-433C-A3D5-D1DE456CCFFC}.Debug|Any CPU.Build.0 = Debug|Any CPU
		{CC481CAB-EAE3-433C-A3D5-D1DE456CCFFC}.Debug|x64.ActiveCfg = Debug|Any CPU
		{CC481CAB-EAE3-433C-A3D5-D1DE456CCFFC}.Debug|x64.Build.0 = Debug|Any CPU
		{CC481CAB-EAE3-433C-A3D5-D1DE456CCFFC}.Debug|x86.ActiveCfg = Debug|Any CPU
		{CC481CAB-EAE3-433C-A3D5-D1DE456CCFFC}.Debug|x86.Build.0 = Debug|Any CPU
		{CC481CAB-EAE3-433C-A3D5-D1DE456CCFFC}.Release|Any CPU.ActiveCfg = Release|Any CPU
		{CC481CAB-EAE3-433C-A3D5-D1DE456CCFFC}.Release|Any CPU.Build.0 = Release|Any CPU
		{CC481CAB-EAE3-433C-A3D5-D1DE456CCFFC}.Release|x64.ActiveCfg = Release|Any CPU
		{CC481CAB-EAE3-433C-A3D5-D1DE456CCFFC}.Release|x64.Build.0 = Release|Any CPU
		{CC481CAB-EAE3-433C-A3D5-D1DE456CCFFC}.Release|x86.ActiveCfg = Release|Any CPU
		{CC481CAB-EAE3-433C-A3D5-D1DE456CCFFC}.Release|x86.Build.0 = Release|Any CPU
		{3DD0ABD6-B104-4D8E-9864-771817F19EB4}.Debug|Any CPU.ActiveCfg = Debug|Any CPU
		{3DD0ABD6-B104-4D8E-9864-771817F19EB4}.Debug|Any CPU.Build.0 = Debug|Any CPU
		{3DD0ABD6-B104-4D8E-9864-771817F19EB4}.Debug|x64.ActiveCfg = Debug|Any CPU
		{3DD0ABD6-B104-4D8E-9864-771817F19EB4}.Debug|x64.Build.0 = Debug|Any CPU
		{3DD0ABD6-B104-4D8E-9864-771817F19EB4}.Debug|x86.ActiveCfg = Debug|Any CPU
		{3DD0ABD6-B104-4D8E-9864-771817F19EB4}.Debug|x86.Build.0 = Debug|Any CPU
		{3DD0ABD6-B104-4D8E-9864-771817F19EB4}.Release|Any CPU.ActiveCfg = Release|Any CPU
		{3DD0ABD6-B104-4D8E-9864-771817F19EB4}.Release|Any CPU.Build.0 = Release|Any CPU
		{3DD0ABD6-B104-4D8E-9864-771817F19EB4}.Release|x64.ActiveCfg = Release|Any CPU
		{3DD0ABD6-B104-4D8E-9864-771817F19EB4}.Release|x64.Build.0 = Release|Any CPU
		{3DD0ABD6-B104-4D8E-9864-771817F19EB4}.Release|x86.ActiveCfg = Release|Any CPU
		{3DD0ABD6-B104-4D8E-9864-771817F19EB4}.Release|x86.Build.0 = Release|Any CPU
		{79CCB6FF-C338-42EE-B351-92B40288131F}.Debug|Any CPU.ActiveCfg = Debug|Any CPU
		{79CCB6FF-C338-42EE-B351-92B40288131F}.Debug|Any CPU.Build.0 = Debug|Any CPU
		{79CCB6FF-C338-42EE-B351-92B40288131F}.Debug|x64.ActiveCfg = Debug|Any CPU
		{79CCB6FF-C338-42EE-B351-92B40288131F}.Debug|x64.Build.0 = Debug|Any CPU
		{79CCB6FF-C338-42EE-B351-92B40288131F}.Debug|x86.ActiveCfg = Debug|Any CPU
		{79CCB6FF-C338-42EE-B351-92B40288131F}.Debug|x86.Build.0 = Debug|Any CPU
		{79CCB6FF-C338-42EE-B351-92B40288131F}.Release|Any CPU.ActiveCfg = Release|Any CPU
		{79CCB6FF-C338-42EE-B351-92B40288131F}.Release|Any CPU.Build.0 = Release|Any CPU
		{79CCB6FF-C338-42EE-B351-92B40288131F}.Release|x64.ActiveCfg = Release|Any CPU
		{79CCB6FF-C338-42EE-B351-92B40288131F}.Release|x64.Build.0 = Release|Any CPU
		{79CCB6FF-C338-42EE-B351-92B40288131F}.Release|x86.ActiveCfg = Release|Any CPU
		{79CCB6FF-C338-42EE-B351-92B40288131F}.Release|x86.Build.0 = Release|Any CPU
		{85FB13FF-C98B-418E-8C3F-F6932FD92445}.Debug|Any CPU.ActiveCfg = Debug|Any CPU
		{85FB13FF-C98B-418E-8C3F-F6932FD92445}.Debug|Any CPU.Build.0 = Debug|Any CPU
		{85FB13FF-C98B-418E-8C3F-F6932FD92445}.Debug|x64.ActiveCfg = Debug|Any CPU
		{85FB13FF-C98B-418E-8C3F-F6932FD92445}.Debug|x64.Build.0 = Debug|Any CPU
		{85FB13FF-C98B-418E-8C3F-F6932FD92445}.Debug|x86.ActiveCfg = Debug|Any CPU
		{85FB13FF-C98B-418E-8C3F-F6932FD92445}.Debug|x86.Build.0 = Debug|Any CPU
		{85FB13FF-C98B-418E-8C3F-F6932FD92445}.Release|Any CPU.ActiveCfg = Release|Any CPU
		{85FB13FF-C98B-418E-8C3F-F6932FD92445}.Release|Any CPU.Build.0 = Release|Any CPU
		{85FB13FF-C98B-418E-8C3F-F6932FD92445}.Release|x64.ActiveCfg = Release|Any CPU
		{85FB13FF-C98B-418E-8C3F-F6932FD92445}.Release|x64.Build.0 = Release|Any CPU
		{85FB13FF-C98B-418E-8C3F-F6932FD92445}.Release|x86.ActiveCfg = Release|Any CPU
		{85FB13FF-C98B-418E-8C3F-F6932FD92445}.Release|x86.Build.0 = Release|Any CPU
		{9778E9E3-3480-4283-BE5A-CC423CD17F0C}.Debug|Any CPU.ActiveCfg = Debug|x86
		{9778E9E3-3480-4283-BE5A-CC423CD17F0C}.Debug|x64.ActiveCfg = Debug|x86
		{9778E9E3-3480-4283-BE5A-CC423CD17F0C}.Debug|x86.ActiveCfg = Debug|x86
		{9778E9E3-3480-4283-BE5A-CC423CD17F0C}.Debug|x86.Build.0 = Debug|x86
		{9778E9E3-3480-4283-BE5A-CC423CD17F0C}.Release|Any CPU.ActiveCfg = Release|x86
		{9778E9E3-3480-4283-BE5A-CC423CD17F0C}.Release|x64.ActiveCfg = Release|x86
		{9778E9E3-3480-4283-BE5A-CC423CD17F0C}.Release|x86.ActiveCfg = Release|x86
		{9778E9E3-3480-4283-BE5A-CC423CD17F0C}.Release|x86.Build.0 = Release|x86
	EndGlobalSection
	GlobalSection(SolutionProperties) = preSolution
		HideSolutionNode = FALSE
	EndGlobalSection
	GlobalSection(NestedProjects) = preSolution
		{042BA425-A119-4AA3-9AD3-686D82BD47B3} = {244E15DD-1731-4E6D-8922-A9D3574D01F0}
		{81E39CF5-88D6-4C9A-9818-F157F87DBF7F} = {244E15DD-1731-4E6D-8922-A9D3574D01F0}
		{CC481CAB-EAE3-433C-A3D5-D1DE456CCFFC} = {244E15DD-1731-4E6D-8922-A9D3574D01F0}
		{3DD0ABD6-B104-4D8E-9864-771817F19EB4} = {244E15DD-1731-4E6D-8922-A9D3574D01F0}
		{79CCB6FF-C338-42EE-B351-92B40288131F} = {244E15DD-1731-4E6D-8922-A9D3574D01F0}
	EndGlobalSection
	GlobalSection(ExtensibilityGlobals) = postSolution
		SolutionGuid = {69C90A4A-C3D4-484A-A77C-C201E7F6F947}
	EndGlobalSection
EndGlobal
